// !$*UTF8*$!
{
	archiveVersion = 1;
	classes = {
	};
	objectVersion = 56;
	objects = {

/* Begin PBXBuildFile section */
		595B2C512B7BEA81001F0272 /* AbsenceRecorderApp.swift in Sources */ = {isa = PBXBuildFile; fileRef = 595B2C502B7BEA81001F0272 /* AbsenceRecorderApp.swift */; };
		595B2C532B7BEA81001F0272 /* DivisionsView.swift in Sources */ = {isa = PBXBuildFile; fileRef = 595B2C522B7BEA81001F0272 /* DivisionsView.swift */; };
		595B2C552B7BEA83001F0272 /* Assets.xcassets in Resources */ = {isa = PBXBuildFile; fileRef = 595B2C542B7BEA83001F0272 /* Assets.xcassets */; };
		595B2C582B7BEA83001F0272 /* Preview Assets.xcassets in Resources */ = {isa = PBXBuildFile; fileRef = 595B2C572B7BEA83001F0272 /* Preview Assets.xcassets */; };
		595B2C622B7BEA84001F0272 /* AbsenceRecorderTests.swift in Sources */ = {isa = PBXBuildFile; fileRef = 595B2C612B7BEA84001F0272 /* AbsenceRecorderTests.swift */; };
		595B2C6C2B7BEA84001F0272 /* AbsenceRecorderUITests.swift in Sources */ = {isa = PBXBuildFile; fileRef = 595B2C6B2B7BEA84001F0272 /* AbsenceRecorderUITests.swift */; };
		595B2C6E2B7BEA84001F0272 /* AbsenceRecorderUITestsLaunchTests.swift in Sources */ = {isa = PBXBuildFile; fileRef = 595B2C6D2B7BEA84001F0272 /* AbsenceRecorderUITestsLaunchTests.swift */; };
		595B2C7E2B7BEBB4001F0272 /* Student.swift in Sources */ = {isa = PBXBuildFile; fileRef = 595B2C7D2B7BEBB4001F0272 /* Student.swift */; };
		595B2C802B7BEC6B001F0272 /* Division.swift in Sources */ = {isa = PBXBuildFile; fileRef = 595B2C7F2B7BEC6B001F0272 /* Division.swift */; };
		595B2C842B7C187C001F0272 /* Date.swift in Sources */ = {isa = PBXBuildFile; fileRef = 595B2C832B7C187C001F0272 /* Date.swift */; };
		595B2C862B7C1C22001F0272 /* DivisionItem.swift in Sources */ = {isa = PBXBuildFile; fileRef = 595B2C852B7C1C21001F0272 /* DivisionItem.swift */; };
		599B6D732B90FBD600744C72 /* AbsenceView.swift in Sources */ = {isa = PBXBuildFile; fileRef = 599B6D722B90FBD600744C72 /* AbsenceView.swift */; };
		599B6D752B90FC9700744C72 /* RootTabView.swift in Sources */ = {isa = PBXBuildFile; fileRef = 599B6D742B90FC9700744C72 /* RootTabView.swift */; };
		599B6D772B90FD7E00744C72 /* StatisticsView.swift in Sources */ = {isa = PBXBuildFile; fileRef = 599B6D762B90FD7E00744C72 /* StatisticsView.swift */; };
		599B6D792B91008200744C72 /* StateController.swift in Sources */ = {isa = PBXBuildFile; fileRef = 599B6D782B91008200744C72 /* StateController.swift */; };
/* End PBXBuildFile section */

/* Begin PBXContainerItemProxy section */
		595B2C5E2B7BEA84001F0272 /* PBXContainerItemProxy */ = {
			isa = PBXContainerItemProxy;
			containerPortal = 595B2C452B7BEA81001F0272 /* Project object */;
			proxyType = 1;
			remoteGlobalIDString = 595B2C4C2B7BEA81001F0272;
			remoteInfo = AbsenceRecorder;
		};
		595B2C682B7BEA84001F0272 /* PBXContainerItemProxy */ = {
			isa = PBXContainerItemProxy;
			containerPortal = 595B2C452B7BEA81001F0272 /* Project object */;
			proxyType = 1;
			remoteGlobalIDString = 595B2C4C2B7BEA81001F0272;
			remoteInfo = AbsenceRecorder;
		};
/* End PBXContainerItemProxy section */

/* Begin PBXFileReference section */
		595B2C4D2B7BEA81001F0272 /* AbsenceRecorder.app */ = {isa = PBXFileReference; explicitFileType = wrapper.application; includeInIndex = 0; path = AbsenceRecorder.app; sourceTree = BUILT_PRODUCTS_DIR; };
		595B2C502B7BEA81001F0272 /* AbsenceRecorderApp.swift */ = {isa = PBXFileReference; lastKnownFileType = sourcecode.swift; path = AbsenceRecorderApp.swift; sourceTree = "<group>"; };
		595B2C522B7BEA81001F0272 /* DivisionsView.swift */ = {isa = PBXFileReference; lastKnownFileType = sourcecode.swift; path = DivisionsView.swift; sourceTree = "<group>"; };
		595B2C542B7BEA83001F0272 /* Assets.xcassets */ = {isa = PBXFileReference; lastKnownFileType = folder.assetcatalog; path = Assets.xcassets; sourceTree = "<group>"; };
		595B2C572B7BEA83001F0272 /* Preview Assets.xcassets */ = {isa = PBXFileReference; lastKnownFileType = folder.assetcatalog; path = "Preview Assets.xcassets"; sourceTree = "<group>"; };
		595B2C5D2B7BEA84001F0272 /* AbsenceRecorderTests.xctest */ = {isa = PBXFileReference; explicitFileType = wrapper.cfbundle; includeInIndex = 0; path = AbsenceRecorderTests.xctest; sourceTree = BUILT_PRODUCTS_DIR; };
		595B2C612B7BEA84001F0272 /* AbsenceRecorderTests.swift */ = {isa = PBXFileReference; lastKnownFileType = sourcecode.swift; path = AbsenceRecorderTests.swift; sourceTree = "<group>"; };
		595B2C672B7BEA84001F0272 /* AbsenceRecorderUITests.xctest */ = {isa = PBXFileReference; explicitFileType = wrapper.cfbundle; includeInIndex = 0; path = AbsenceRecorderUITests.xctest; sourceTree = BUILT_PRODUCTS_DIR; };
		595B2C6B2B7BEA84001F0272 /* AbsenceRecorderUITests.swift */ = {isa = PBXFileReference; lastKnownFileType = sourcecode.swift; path = AbsenceRecorderUITests.swift; sourceTree = "<group>"; };
		595B2C6D2B7BEA84001F0272 /* AbsenceRecorderUITestsLaunchTests.swift */ = {isa = PBXFileReference; lastKnownFileType = sourcecode.swift; path = AbsenceRecorderUITestsLaunchTests.swift; sourceTree = "<group>"; };
		595B2C7D2B7BEBB4001F0272 /* Student.swift */ = {isa = PBXFileReference; lastKnownFileType = sourcecode.swift; path = Student.swift; sourceTree = "<group>"; };
		595B2C7F2B7BEC6B001F0272 /* Division.swift */ = {isa = PBXFileReference; lastKnownFileType = sourcecode.swift; path = Division.swift; sourceTree = "<group>"; };
		595B2C832B7C187C001F0272 /* Date.swift */ = {isa = PBXFileReference; lastKnownFileType = sourcecode.swift; path = Date.swift; sourceTree = "<group>"; };
		595B2C852B7C1C21001F0272 /* DivisionItem.swift */ = {isa = PBXFileReference; lastKnownFileType = sourcecode.swift; path = DivisionItem.swift; sourceTree = "<group>"; };
		599B6D722B90FBD600744C72 /* AbsenceView.swift */ = {isa = PBXFileReference; lastKnownFileType = sourcecode.swift; path = AbsenceView.swift; sourceTree = "<group>"; };
		599B6D742B90FC9700744C72 /* RootTabView.swift */ = {isa = PBXFileReference; lastKnownFileType = sourcecode.swift; path = RootTabView.swift; sourceTree = "<group>"; };
		599B6D762B90FD7E00744C72 /* StatisticsView.swift */ = {isa = PBXFileReference; lastKnownFileType = sourcecode.swift; path = StatisticsView.swift; sourceTree = "<group>"; };
		599B6D782B91008200744C72 /* StateController.swift */ = {isa = PBXFileReference; lastKnownFileType = sourcecode.swift; path = StateController.swift; sourceTree = "<group>"; };
/* End PBXFileReference section */

/* Begin PBXFrameworksBuildPhase section */
		595B2C4A2B7BEA81001F0272 /* Frameworks */ = {
			isa = PBXFrameworksBuildPhase;
			buildActionMask = 2147483647;
			files = (
			);
			runOnlyForDeploymentPostprocessing = 0;
		};
		595B2C5A2B7BEA84001F0272 /* Frameworks */ = {
			isa = PBXFrameworksBuildPhase;
			buildActionMask = 2147483647;
			files = (
			);
			runOnlyForDeploymentPostprocessing = 0;
		};
		595B2C642B7BEA84001F0272 /* Frameworks */ = {
			isa = PBXFrameworksBuildPhase;
			buildActionMask = 2147483647;
			files = (
			);
			runOnlyForDeploymentPostprocessing = 0;
		};
/* End PBXFrameworksBuildPhase section */

/* Begin PBXGroup section */
		595B2C442B7BEA81001F0272 = {
			isa = PBXGroup;
			children = (
				595B2C4F2B7BEA81001F0272 /* AbsenceRecorder */,
				595B2C602B7BEA84001F0272 /* AbsenceRecorderTests */,
				595B2C6A2B7BEA84001F0272 /* AbsenceRecorderUITests */,
				595B2C4E2B7BEA81001F0272 /* Products */,
			);
			sourceTree = "<group>";
		};
		595B2C4E2B7BEA81001F0272 /* Products */ = {
			isa = PBXGroup;
			children = (
				595B2C4D2B7BEA81001F0272 /* AbsenceRecorder.app */,
				595B2C5D2B7BEA84001F0272 /* AbsenceRecorderTests.xctest */,
				595B2C672B7BEA84001F0272 /* AbsenceRecorderUITests.xctest */,
			);
			name = Products;
			sourceTree = "<group>";
		};
		595B2C4F2B7BEA81001F0272 /* AbsenceRecorder */ = {
			isa = PBXGroup;
			children = (
				595B2C822B7C1866001F0272 /* Extensions */,
				595B2C7C2B7BEB73001F0272 /* View */,
				595B2C7B2B7BEB5E001F0272 /* Model */,
				595B2C502B7BEA81001F0272 /* AbsenceRecorderApp.swift */,
				595B2C542B7BEA83001F0272 /* Assets.xcassets */,
				595B2C562B7BEA83001F0272 /* Preview Content */,
				599B6D782B91008200744C72 /* StateController.swift */,
			);
			path = AbsenceRecorder;
			sourceTree = "<group>";
		};
		595B2C562B7BEA83001F0272 /* Preview Content */ = {
			isa = PBXGroup;
			children = (
				595B2C572B7BEA83001F0272 /* Preview Assets.xcassets */,
			);
			path = "Preview Content";
			sourceTree = "<group>";
		};
		595B2C602B7BEA84001F0272 /* AbsenceRecorderTests */ = {
			isa = PBXGroup;
			children = (
				595B2C612B7BEA84001F0272 /* AbsenceRecorderTests.swift */,
			);
			path = AbsenceRecorderTests;
			sourceTree = "<group>";
		};
		595B2C6A2B7BEA84001F0272 /* AbsenceRecorderUITests */ = {
			isa = PBXGroup;
			children = (
				595B2C6B2B7BEA84001F0272 /* AbsenceRecorderUITests.swift */,
				595B2C6D2B7BEA84001F0272 /* AbsenceRecorderUITestsLaunchTests.swift */,
			);
			path = AbsenceRecorderUITests;
			sourceTree = "<group>";
		};
		595B2C7B2B7BEB5E001F0272 /* Model */ = {
			isa = PBXGroup;
			children = (
				595B2C7D2B7BEBB4001F0272 /* Student.swift */,
				595B2C7F2B7BEC6B001F0272 /* Division.swift */,
			);
			path = Model;
			sourceTree = "<group>";
		};
		595B2C7C2B7BEB73001F0272 /* View */ = {
			isa = PBXGroup;
			children = (
				595B2C522B7BEA81001F0272 /* DivisionsView.swift */,
				595B2C852B7C1C21001F0272 /* DivisionItem.swift */,
				599B6D722B90FBD600744C72 /* AbsenceView.swift */,
				599B6D742B90FC9700744C72 /* RootTabView.swift */,
				599B6D762B90FD7E00744C72 /* StatisticsView.swift */,
			);
			path = View;
			sourceTree = "<group>";
		};
		595B2C822B7C1866001F0272 /* Extensions */ = {
			isa = PBXGroup;
			children = (
				595B2C832B7C187C001F0272 /* Date.swift */,
			);
			path = Extensions;
			sourceTree = "<group>";
		};
/* End PBXGroup section */

/* Begin PBXNativeTarget section */
		595B2C4C2B7BEA81001F0272 /* AbsenceRecorder */ = {
			isa = PBXNativeTarget;
			buildConfigurationList = 595B2C712B7BEA84001F0272 /* Build configuration list for PBXNativeTarget "AbsenceRecorder" */;
			buildPhases = (
				595B2C492B7BEA81001F0272 /* Sources */,
				595B2C4A2B7BEA81001F0272 /* Frameworks */,
				595B2C4B2B7BEA81001F0272 /* Resources */,
			);
			buildRules = (
			);
			dependencies = (
			);
			name = AbsenceRecorder;
			productName = AbsenceRecorder;
			productReference = 595B2C4D2B7BEA81001F0272 /* AbsenceRecorder.app */;
			productType = "com.apple.product-type.application";
		};
		595B2C5C2B7BEA84001F0272 /* AbsenceRecorderTests */ = {
			isa = PBXNativeTarget;
			buildConfigurationList = 595B2C742B7BEA84001F0272 /* Build configuration list for PBXNativeTarget "AbsenceRecorderTests" */;
			buildPhases = (
				595B2C592B7BEA84001F0272 /* Sources */,
				595B2C5A2B7BEA84001F0272 /* Frameworks */,
				595B2C5B2B7BEA84001F0272 /* Resources */,
			);
			buildRules = (
			);
			dependencies = (
				595B2C5F2B7BEA84001F0272 /* PBXTargetDependency */,
			);
			name = AbsenceRecorderTests;
			productName = AbsenceRecorderTests;
			productReference = 595B2C5D2B7BEA84001F0272 /* AbsenceRecorderTests.xctest */;
			productType = "com.apple.product-type.bundle.unit-test";
		};
		595B2C662B7BEA84001F0272 /* AbsenceRecorderUITests */ = {
			isa = PBXNativeTarget;
			buildConfigurationList = 595B2C772B7BEA84001F0272 /* Build configuration list for PBXNativeTarget "AbsenceRecorderUITests" */;
			buildPhases = (
				595B2C632B7BEA84001F0272 /* Sources */,
				595B2C642B7BEA84001F0272 /* Frameworks */,
				595B2C652B7BEA84001F0272 /* Resources */,
			);
			buildRules = (
			);
			dependencies = (
				595B2C692B7BEA84001F0272 /* PBXTargetDependency */,
			);
			name = AbsenceRecorderUITests;
			productName = AbsenceRecorderUITests;
			productReference = 595B2C672B7BEA84001F0272 /* AbsenceRecorderUITests.xctest */;
			productType = "com.apple.product-type.bundle.ui-testing";
		};
/* End PBXNativeTarget section */

/* Begin PBXProject section */
		595B2C452B7BEA81001F0272 /* Project object */ = {
			isa = PBXProject;
			attributes = {
				BuildIndependentTargetsInParallel = 1;
				LastSwiftUpdateCheck = 1520;
				LastUpgradeCheck = 1520;
				TargetAttributes = {
					595B2C4C2B7BEA81001F0272 = {
						CreatedOnToolsVersion = 15.2;
					};
					595B2C5C2B7BEA84001F0272 = {
						CreatedOnToolsVersion = 15.2;
						TestTargetID = 595B2C4C2B7BEA81001F0272;
					};
					595B2C662B7BEA84001F0272 = {
						CreatedOnToolsVersion = 15.2;
						TestTargetID = 595B2C4C2B7BEA81001F0272;
					};
				};
			};
			buildConfigurationList = 595B2C482B7BEA81001F0272 /* Build configuration list for PBXProject "AbsenceRecorder" */;
			compatibilityVersion = "Xcode 14.0";
			developmentRegion = en;
			hasScannedForEncodings = 0;
			knownRegions = (
				en,
				Base,
			);
			mainGroup = 595B2C442B7BEA81001F0272;
			productRefGroup = 595B2C4E2B7BEA81001F0272 /* Products */;
			projectDirPath = "";
			projectRoot = "";
			targets = (
				595B2C4C2B7BEA81001F0272 /* AbsenceRecorder */,
				595B2C5C2B7BEA84001F0272 /* AbsenceRecorderTests */,
				595B2C662B7BEA84001F0272 /* AbsenceRecorderUITests */,
			);
		};
/* End PBXProject section */

/* Begin PBXResourcesBuildPhase section */
		595B2C4B2B7BEA81001F0272 /* Resources */ = {
			isa = PBXResourcesBuildPhase;
			buildActionMask = 2147483647;
			files = (
				595B2C582B7BEA83001F0272 /* Preview Assets.xcassets in Resources */,
				595B2C552B7BEA83001F0272 /* Assets.xcassets in Resources */,
			);
			runOnlyForDeploymentPostprocessing = 0;
		};
		595B2C5B2B7BEA84001F0272 /* Resources */ = {
			isa = PBXResourcesBuildPhase;
			buildActionMask = 2147483647;
			files = (
			);
			runOnlyForDeploymentPostprocessing = 0;
		};
		595B2C652B7BEA84001F0272 /* Resources */ = {
			isa = PBXResourcesBuildPhase;
			buildActionMask = 2147483647;
			files = (
			);
			runOnlyForDeploymentPostprocessing = 0;
		};
/* End PBXResourcesBuildPhase section */

/* Begin PBXSourcesBuildPhase section */
		595B2C492B7BEA81001F0272 /* Sources */ = {
			isa = PBXSourcesBuildPhase;
			buildActionMask = 2147483647;
			files = (
				595B2C532B7BEA81001F0272 /* DivisionsView.swift in Sources */,
				595B2C842B7C187C001F0272 /* Date.swift in Sources */,
				599B6D772B90FD7E00744C72 /* StatisticsView.swift in Sources */,
				599B6D752B90FC9700744C72 /* RootTabView.swift in Sources */,
				595B2C7E2B7BEBB4001F0272 /* Student.swift in Sources */,
				595B2C802B7BEC6B001F0272 /* Division.swift in Sources */,
				595B2C512B7BEA81001F0272 /* AbsenceRecorderApp.swift in Sources */,
				595B2C862B7C1C22001F0272 /* DivisionItem.swift in Sources */,
				599B6D732B90FBD600744C72 /* AbsenceView.swift in Sources */,
				599B6D792B91008200744C72 /* StateController.swift in Sources */,
			);
			runOnlyForDeploymentPostprocessing = 0;
		};
		595B2C592B7BEA84001F0272 /* Sources */ = {
			isa = PBXSourcesBuildPhase;
			buildActionMask = 2147483647;
			files = (
				595B2C622B7BEA84001F0272 /* AbsenceRecorderTests.swift in Sources */,
			);
			runOnlyForDeploymentPostprocessing = 0;
		};
		595B2C632B7BEA84001F0272 /* Sources */ = {
			isa = PBXSourcesBuildPhase;
			buildActionMask = 2147483647;
			files = (
				595B2C6E2B7BEA84001F0272 /* AbsenceRecorderUITestsLaunchTests.swift in Sources */,
				595B2C6C2B7BEA84001F0272 /* AbsenceRecorderUITests.swift in Sources */,
			);
			runOnlyForDeploymentPostprocessing = 0;
		};
/* End PBXSourcesBuildPhase section */

/* Begin PBXTargetDependency section */
		595B2C5F2B7BEA84001F0272 /* PBXTargetDependency */ = {
			isa = PBXTargetDependency;
			target = 595B2C4C2B7BEA81001F0272 /* AbsenceRecorder */;
			targetProxy = 595B2C5E2B7BEA84001F0272 /* PBXContainerItemProxy */;
		};
		595B2C692B7BEA84001F0272 /* PBXTargetDependency */ = {
			isa = PBXTargetDependency;
			target = 595B2C4C2B7BEA81001F0272 /* AbsenceRecorder */;
			targetProxy = 595B2C682B7BEA84001F0272 /* PBXContainerItemProxy */;
		};
/* End PBXTargetDependency section */

/* Begin XCBuildConfiguration section */
		595B2C6F2B7BEA84001F0272 /* Debug */ = {
			isa = XCBuildConfiguration;
			buildSettings = {
				ALWAYS_SEARCH_USER_PATHS = NO;
				ASSETCATALOG_COMPILER_GENERATE_SWIFT_ASSET_SYMBOL_EXTENSIONS = YES;
				CLANG_ANALYZER_NONNULL = YES;
				CLANG_ANALYZER_NUMBER_OBJECT_CONVERSION = YES_AGGRESSIVE;
				CLANG_CXX_LANGUAGE_STANDARD = "gnu++20";
				CLANG_ENABLE_MODULES = YES;
				CLANG_ENABLE_OBJC_ARC = YES;
				CLANG_ENABLE_OBJC_WEAK = YES;
				CLANG_WARN_BLOCK_CAPTURE_AUTORELEASING = YES;
				CLANG_WARN_BOOL_CONVERSION = YES;
				CLANG_WARN_COMMA = YES;
				CLANG_WARN_CONSTANT_CONVERSION = YES;
				CLANG_WARN_DEPRECATED_OBJC_IMPLEMENTATIONS = YES;
				CLANG_WARN_DIRECT_OBJC_ISA_USAGE = YES_ERROR;
				CLANG_WARN_DOCUMENTATION_COMMENTS = YES;
				CLANG_WARN_EMPTY_BODY = YES;
				CLANG_WARN_ENUM_CONVERSION = YES;
				CLANG_WARN_INFINITE_RECURSION = YES;
				CLANG_WARN_INT_CONVERSION = YES;
				CLANG_WARN_NON_LITERAL_NULL_CONVERSION = YES;
				CLANG_WARN_OBJC_IMPLICIT_RETAIN_SELF = YES;
				CLANG_WARN_OBJC_LITERAL_CONVERSION = YES;
				CLANG_WARN_OBJC_ROOT_CLASS = YES_ERROR;
				CLANG_WARN_QUOTED_INCLUDE_IN_FRAMEWORK_HEADER = YES;
				CLANG_WARN_RANGE_LOOP_ANALYSIS = YES;
				CLANG_WARN_STRICT_PROTOTYPES = YES;
				CLANG_WARN_SUSPICIOUS_MOVE = YES;
				CLANG_WARN_UNGUARDED_AVAILABILITY = YES_AGGRESSIVE;
				CLANG_WARN_UNREACHABLE_CODE = YES;
				CLANG_WARN__DUPLICATE_METHOD_MATCH = YES;
				COPY_PHASE_STRIP = NO;
				DEBUG_INFORMATION_FORMAT = dwarf;
				ENABLE_STRICT_OBJC_MSGSEND = YES;
				ENABLE_TESTABILITY = YES;
				ENABLE_USER_SCRIPT_SANDBOXING = YES;
				GCC_C_LANGUAGE_STANDARD = gnu17;
				GCC_DYNAMIC_NO_PIC = NO;
				GCC_NO_COMMON_BLOCKS = YES;
				GCC_OPTIMIZATION_LEVEL = 0;
				GCC_PREPROCESSOR_DEFINITIONS = (
					"DEBUG=1",
					"$(inherited)",
				);
				GCC_WARN_64_TO_32_BIT_CONVERSION = YES;
				GCC_WARN_ABOUT_RETURN_TYPE = YES_ERROR;
				GCC_WARN_UNDECLARED_SELECTOR = YES;
				GCC_WARN_UNINITIALIZED_AUTOS = YES_AGGRESSIVE;
				GCC_WARN_UNUSED_FUNCTION = YES;
				GCC_WARN_UNUSED_VARIABLE = YES;
				IPHONEOS_DEPLOYMENT_TARGET = 17.2;
				LOCALIZATION_PREFERS_STRING_CATALOGS = YES;
				MTL_ENABLE_DEBUG_INFO = INCLUDE_SOURCE;
				MTL_FAST_MATH = YES;
				ONLY_ACTIVE_ARCH = YES;
				SDKROOT = iphoneos;
				SWIFT_ACTIVE_COMPILATION_CONDITIONS = "DEBUG $(inherited)";
				SWIFT_OPTIMIZATION_LEVEL = "-Onone";
			};
			name = Debug;
		};
		595B2C702B7BEA84001F0272 /* Release */ = {
			isa = XCBuildConfiguration;
			buildSettings = {
				ALWAYS_SEARCH_USER_PATHS = NO;
				ASSETCATALOG_COMPILER_GENERATE_SWIFT_ASSET_SYMBOL_EXTENSIONS = YES;
				CLANG_ANALYZER_NONNULL = YES;
				CLANG_ANALYZER_NUMBER_OBJECT_CONVERSION = YES_AGGRESSIVE;
				CLANG_CXX_LANGUAGE_STANDARD = "gnu++20";
				CLANG_ENABLE_MODULES = YES;
				CLANG_ENABLE_OBJC_ARC = YES;
				CLANG_ENABLE_OBJC_WEAK = YES;
				CLANG_WARN_BLOCK_CAPTURE_AUTORELEASING = YES;
				CLANG_WARN_BOOL_CONVERSION = YES;
				CLANG_WARN_COMMA = YES;
				CLANG_WARN_CONSTANT_CONVERSION = YES;
				CLANG_WARN_DEPRECATED_OBJC_IMPLEMENTATIONS = YES;
				CLANG_WARN_DIRECT_OBJC_ISA_USAGE = YES_ERROR;
				CLANG_WARN_DOCUMENTATION_COMMENTS = YES;
				CLANG_WARN_EMPTY_BODY = YES;
				CLANG_WARN_ENUM_CONVERSION = YES;
				CLANG_WARN_INFINITE_RECURSION = YES;
				CLANG_WARN_INT_CONVERSION = YES;
				CLANG_WARN_NON_LITERAL_NULL_CONVERSION = YES;
				CLANG_WARN_OBJC_IMPLICIT_RETAIN_SELF = YES;
				CLANG_WARN_OBJC_LITERAL_CONVERSION = YES;
				CLANG_WARN_OBJC_ROOT_CLASS = YES_ERROR;
				CLANG_WARN_QUOTED_INCLUDE_IN_FRAMEWORK_HEADER = YES;
				CLANG_WARN_RANGE_LOOP_ANALYSIS = YES;
				CLANG_WARN_STRICT_PROTOTYPES = YES;
				CLANG_WARN_SUSPICIOUS_MOVE = YES;
				CLANG_WARN_UNGUARDED_AVAILABILITY = YES_AGGRESSIVE;
				CLANG_WARN_UNREACHABLE_CODE = YES;
				CLANG_WARN__DUPLICATE_METHOD_MATCH = YES;
				COPY_PHASE_STRIP = NO;
				DEBUG_INFORMATION_FORMAT = "dwarf-with-dsym";
				ENABLE_NS_ASSERTIONS = NO;
				ENABLE_STRICT_OBJC_MSGSEND = YES;
				ENABLE_USER_SCRIPT_SANDBOXING = YES;
				GCC_C_LANGUAGE_STANDARD = gnu17;
				GCC_NO_COMMON_BLOCKS = YES;
				GCC_WARN_64_TO_32_BIT_CONVERSION = YES;
				GCC_WARN_ABOUT_RETURN_TYPE = YES_ERROR;
				GCC_WARN_UNDECLARED_SELECTOR = YES;
				GCC_WARN_UNINITIALIZED_AUTOS = YES_AGGRESSIVE;
				GCC_WARN_UNUSED_FUNCTION = YES;
				GCC_WARN_UNUSED_VARIABLE = YES;
				IPHONEOS_DEPLOYMENT_TARGET = 17.2;
				LOCALIZATION_PREFERS_STRING_CATALOGS = YES;
				MTL_ENABLE_DEBUG_INFO = NO;
				MTL_FAST_MATH = YES;
				SDKROOT = iphoneos;
				SWIFT_COMPILATION_MODE = wholemodule;
				VALIDATE_PRODUCT = YES;
			};
			name = Release;
		};
		595B2C722B7BEA84001F0272 /* Debug */ = {
			isa = XCBuildConfiguration;
			buildSettings = {
				ASSETCATALOG_COMPILER_APPICON_NAME = AppIcon;
				ASSETCATALOG_COMPILER_GLOBAL_ACCENT_COLOR_NAME = AccentColor;
				CODE_SIGN_STYLE = Automatic;
				CURRENT_PROJECT_VERSION = 1;
				DEVELOPMENT_ASSET_PATHS = "\"AbsenceRecorder/Preview Content\"";
				ENABLE_PREVIEWS = YES;
				GENERATE_INFOPLIST_FILE = YES;
				INFOPLIST_KEY_UIApplicationSceneManifest_Generation = YES;
				INFOPLIST_KEY_UIApplicationSupportsIndirectInputEvents = YES;
				INFOPLIST_KEY_UILaunchScreen_Generation = YES;
				INFOPLIST_KEY_UISupportedInterfaceOrientations_iPad = "UIInterfaceOrientationPortrait UIInterfaceOrientationPortraitUpsideDown UIInterfaceOrientationLandscapeLeft UIInterfaceOrientationLandscapeRight";
				INFOPLIST_KEY_UISupportedInterfaceOrientations_iPhone = "UIInterfaceOrientationPortrait UIInterfaceOrientationLandscapeLeft UIInterfaceOrientationLandscapeRight";
				LD_RUNPATH_SEARCH_PATHS = (
					"$(inherited)",
					"@executable_path/Frameworks",
				);
				MARKETING_VERSION = 1.0;
				PRODUCT_BUNDLE_IDENTIFIER = com.etoncollege.AbsenceRecorder;
				PRODUCT_NAME = "$(TARGET_NAME)";
				SWIFT_EMIT_LOC_STRINGS = YES;
				SWIFT_VERSION = 5.0;
				TARGETED_DEVICE_FAMILY = "1,2";
			};
			name = Debug;
		};
		595B2C732B7BEA84001F0272 /* Release */ = {
			isa = XCBuildConfiguration;
			buildSettings = {
				ASSETCATALOG_COMPILER_APPICON_NAME = AppIcon;
				ASSETCATALOG_COMPILER_GLOBAL_ACCENT_COLOR_NAME = AccentColor;
				CODE_SIGN_STYLE = Automatic;
				CURRENT_PROJECT_VERSION = 1;
				DEVELOPMENT_ASSET_PATHS = "\"AbsenceRecorder/Preview Content\"";
				ENABLE_PREVIEWS = YES;
				GENERATE_INFOPLIST_FILE = YES;
				INFOPLIST_KEY_UIApplicationSceneManifest_Generation = YES;
				INFOPLIST_KEY_UIApplicationSupportsIndirectInputEvents = YES;
				INFOPLIST_KEY_UILaunchScreen_Generation = YES;
				INFOPLIST_KEY_UISupportedInterfaceOrientations_iPad = "UIInterfaceOrientationPortrait UIInterfaceOrientationPortraitUpsideDown UIInterfaceOrientationLandscapeLeft UIInterfaceOrientationLandscapeRight";
				INFOPLIST_KEY_UISupportedInterfaceOrientations_iPhone = "UIInterfaceOrientationPortrait UIInterfaceOrientationLandscapeLeft UIInterfaceOrientationLandscapeRight";
				LD_RUNPATH_SEARCH_PATHS = (
					"$(inherited)",
					"@executable_path/Frameworks",
				);
				MARKETING_VERSION = 1.0;
				PRODUCT_BUNDLE_IDENTIFIER = com.etoncollege.AbsenceRecorder;
				PRODUCT_NAME = "$(TARGET_NAME)";
				SWIFT_EMIT_LOC_STRINGS = YES;
				SWIFT_VERSION = 5.0;
				TARGETED_DEVICE_FAMILY = "1,2";
			};
			name = Release;
		};
		595B2C752B7BEA84001F0272 /* Debug */ = {
			isa = XCBuildConfiguration;
			buildSettings = {
				ALWAYS_EMBED_SWIFT_STANDARD_LIBRARIES = YES;
				BUNDLE_LOADER = "$(TEST_HOST)";
				CODE_SIGN_STYLE = Automatic;
				CURRENT_PROJECT_VERSION = 1;
				GENERATE_INFOPLIST_FILE = YES;
				IPHONEOS_DEPLOYMENT_TARGET = 17.2;
				MARKETING_VERSION = 1.0;
				PRODUCT_BUNDLE_IDENTIFIER = com.etoncollege.AbsenceRecorderTests;
				PRODUCT_NAME = "$(TARGET_NAME)";
				SWIFT_EMIT_LOC_STRINGS = NO;
				SWIFT_VERSION = 5.0;
				TARGETED_DEVICE_FAMILY = "1,2";
				TEST_HOST = "$(BUILT_PRODUCTS_DIR)/AbsenceRecorder.app/$(BUNDLE_EXECUTABLE_FOLDER_PATH)/AbsenceRecorder";
			};
			name = Debug;
		};
		595B2C762B7BEA84001F0272 /* Release */ = {
			isa = XCBuildConfiguration;
			buildSettings = {
				ALWAYS_EMBED_SWIFT_STANDARD_LIBRARIES = YES;
				BUNDLE_LOADER = "$(TEST_HOST)";
				CODE_SIGN_STYLE = Automatic;
				CURRENT_PROJECT_VERSION = 1;
				GENERATE_INFOPLIST_FILE = YES;
				IPHONEOS_DEPLOYMENT_TARGET = 17.2;
				MARKETING_VERSION = 1.0;
				PRODUCT_BUNDLE_IDENTIFIER = com.etoncollege.AbsenceRecorderTests;
				PRODUCT_NAME = "$(TARGET_NAME)";
				SWIFT_EMIT_LOC_STRINGS = NO;
				SWIFT_VERSION = 5.0;
				TARGETED_DEVICE_FAMILY = "1,2";
				TEST_HOST = "$(BUILT_PRODUCTS_DIR)/AbsenceRecorder.app/$(BUNDLE_EXECUTABLE_FOLDER_PATH)/AbsenceRecorder";
			};
			name = Release;
		};
		595B2C782B7BEA84001F0272 /* Debug */ = {
			isa = XCBuildConfiguration;
			buildSettings = {
				ALWAYS_EMBED_SWIFT_STANDARD_LIBRARIES = YES;
				CODE_SIGN_STYLE = Automatic;
				CURRENT_PROJECT_VERSION = 1;
				GENERATE_INFOPLIST_FILE = YES;
				MARKETING_VERSION = 1.0;
				PRODUCT_BUNDLE_IDENTIFIER = com.etoncollege.AbsenceRecorderUITests;
				PRODUCT_NAME = "$(TARGET_NAME)";
				SWIFT_EMIT_LOC_STRINGS = NO;
				SWIFT_VERSION = 5.0;
				TARGETED_DEVICE_FAMILY = "1,2";
				TEST_TARGET_NAME = AbsenceRecorder;
			};
			name = Debug;
		};
		595B2C792B7BEA84001F0272 /* Release */ = {
			isa = XCBuildConfiguration;
			buildSettings = {
				ALWAYS_EMBED_SWIFT_STANDARD_LIBRARIES = YES;
				CODE_SIGN_STYLE = Automatic;
				CURRENT_PROJECT_VERSION = 1;
				GENERATE_INFOPLIST_FILE = YES;
				MARKETING_VERSION = 1.0;
				PRODUCT_BUNDLE_IDENTIFIER = com.etoncollege.AbsenceRecorderUITests;
				PRODUCT_NAME = "$(TARGET_NAME)";
				SWIFT_EMIT_LOC_STRINGS = NO;
				SWIFT_VERSION = 5.0;
				TARGETED_DEVICE_FAMILY = "1,2";
				TEST_TARGET_NAME = AbsenceRecorder;
			};
			name = Release;
		};
/* End XCBuildConfiguration section */

/* Begin XCConfigurationList section */
		595B2C482B7BEA81001F0272 /* Build configuration list for PBXProject "AbsenceRecorder" */ = {
			isa = XCConfigurationList;
			buildConfigurations = (
				595B2C6F2B7BEA84001F0272 /* Debug */,
				595B2C702B7BEA84001F0272 /* Release */,
			);
			defaultConfigurationIsVisible = 0;
			defaultConfigurationName = Release;
		};
		595B2C712B7BEA84001F0272 /* Build configuration list for PBXNativeTarget "AbsenceRecorder" */ = {
			isa = XCConfigurationList;
			buildConfigurations = (
				595B2C722B7BEA84001F0272 /* Debug */,
				595B2C732B7BEA84001F0272 /* Release */,
			);
			defaultConfigurationIsVisible = 0;
			defaultConfigurationName = Release;
		};
		595B2C742B7BEA84001F0272 /* Build configuration list for PBXNativeTarget "AbsenceRecorderTests" */ = {
			isa = XCConfigurationList;
			buildConfigurations = (
				595B2C752B7BEA84001F0272 /* Debug */,
				595B2C762B7BEA84001F0272 /* Release */,
			);
			defaultConfigurationIsVisible = 0;
			defaultConfigurationName = Release;
		};
		595B2C772B7BEA84001F0272 /* Build configuration list for PBXNativeTarget "AbsenceRecorderUITests" */ = {
			isa = XCConfigurationList;
			buildConfigurations = (
				595B2C782B7BEA84001F0272 /* Debug */,
				595B2C792B7BEA84001F0272 /* Release */,
			);
			defaultConfigurationIsVisible = 0;
			defaultConfigurationName = Release;
		};
/* End XCConfigurationList section */
	};
	rootObject = 595B2C452B7BEA81001F0272 /* Project object */;
}
